
Microsoft Visual Studio Solution File, Format Version 12.00
Project("{FAE04EC0-301F-11D3-BF4B-00C04F79EFBC}") = "URLShortener.Http", "URLShortener.Http\URLShortener.Http.csproj", "{7EEEB816-E8B2-4B95-8DB1-891B6929B171}"
EndProject
Project("{FAE04EC0-301F-11D3-BF4B-00C04F79EFBC}") = "URLShortener.Model", "URLShortener.Model\URLShortener.Model.csproj", "{E0978661-2D48-40CB-95C4-7FAB6846C53E}"
EndProject
Project("{FAE04EC0-301F-11D3-BF4B-00C04F79EFBC}") = "URLShortener.Repository", "URLShortener.Repository\URLShortener.Repository.csproj", "{52A23DC3-999D-419A-9557-7AF1D387E1B2}"
EndProject
Project("{FAE04EC0-301F-11D3-BF4B-00C04F79EFBC}") = "URLShortener.Service", "URLShortener.Service\URLShortener.Service.csproj", "{269965BC-90E8-4D94-B2AF-227E8895E5DB}"
EndProject
Project("{2150E333-8FDC-42A3-9474-1A3956D46DE8}") = "data", "data", "{7A00722B-6BD2-46FB-B43F-C1C7B5F7FF22}"
EndProject
Project("{2150E333-8FDC-42A3-9474-1A3956D46DE8}") = "src", "src", "{1A6415F6-D0C2-4F89-81B9-67E807122E5C}"
EndProject
Project("{FAE04EC0-301F-11D3-BF4B-00C04F79EFBC}") = "URLShortener.MongoDB", "URLShortener.MongoDB\URLShortener.MongoDB.csproj", "{20C9074A-4B30-4A01-92E6-2F6FB21F6F2D}"
EndProject
Global
	GlobalSection(SolutionConfigurationPlatforms) = preSolution
		Debug|Any CPU = Debug|Any CPU
		Release|Any CPU = Release|Any CPU
	EndGlobalSection
	GlobalSection(ProjectConfigurationPlatforms) = postSolution
		{7EEEB816-E8B2-4B95-8DB1-891B6929B171}.Debug|Any CPU.ActiveCfg = Debug|Any CPU
		{7EEEB816-E8B2-4B95-8DB1-891B6929B171}.Debug|Any CPU.Build.0 = Debug|Any CPU
		{7EEEB816-E8B2-4B95-8DB1-891B6929B171}.Release|Any CPU.ActiveCfg = Release|Any CPU
		{7EEEB816-E8B2-4B95-8DB1-891B6929B171}.Release|Any CPU.Build.0 = Release|Any CPU
		{E0978661-2D48-40CB-95C4-7FAB6846C53E}.Debug|Any CPU.ActiveCfg = Debug|Any CPU
		{E0978661-2D48-40CB-95C4-7FAB6846C53E}.Debug|Any CPU.Build.0 = Debug|Any CPU
		{E0978661-2D48-40CB-95C4-7FAB6846C53E}.Release|Any CPU.ActiveCfg = Release|Any CPU
		{E0978661-2D48-40CB-95C4-7FAB6846C53E}.Release|Any CPU.Build.0 = Release|Any CPU
		{52A23DC3-999D-419A-9557-7AF1D387E1B2}.Debug|Any CPU.ActiveCfg = Debug|Any CPU
		{52A23DC3-999D-419A-9557-7AF1D387E1B2}.Debug|Any CPU.Build.0 = Debug|Any CPU
		{52A23DC3-999D-419A-9557-7AF1D387E1B2}.Release|Any CPU.ActiveCfg = Release|Any CPU
		{52A23DC3-999D-419A-9557-7AF1D387E1B2}.Release|Any CPU.Build.0 = Release|Any CPU
		{269965BC-90E8-4D94-B2AF-227E8895E5DB}.Debug|Any CPU.ActiveCfg = Debug|Any CPU
		{269965BC-90E8-4D94-B2AF-227E8895E5DB}.Debug|Any CPU.Build.0 = Debug|Any CPU
		{269965BC-90E8-4D94-B2AF-227E8895E5DB}.Release|Any CPU.ActiveCfg = Release|Any CPU
		{269965BC-90E8-4D94-B2AF-227E8895E5DB}.Release|Any CPU.Build.0 = Release|Any CPU
		{20C9074A-4B30-4A01-92E6-2F6FB21F6F2D}.Debug|Any CPU.ActiveCfg = Debug|Any CPU
		{20C9074A-4B30-4A01-92E6-2F6FB21F6F2D}.Debug|Any CPU.Build.0 = Debug|Any CPU
		{20C9074A-4B30-4A01-92E6-2F6FB21F6F2D}.Release|Any CPU.ActiveCfg = Release|Any CPU
		{20C9074A-4B30-4A01-92E6-2F6FB21F6F2D}.Release|Any CPU.Build.0 = Release|Any CPU
	EndGlobalSection
	GlobalSection(NestedProjects) = preSolution
		{269965BC-90E8-4D94-B2AF-227E8895E5DB} = {1A6415F6-D0C2-4F89-81B9-67E807122E5C}
		{52A23DC3-999D-419A-9557-7AF1D387E1B2} = {1A6415F6-D0C2-4F89-81B9-67E807122E5C}
		{E0978661-2D48-40CB-95C4-7FAB6846C53E} = {1A6415F6-D0C2-4F89-81B9-67E807122E5C}
		{7EEEB816-E8B2-4B95-8DB1-891B6929B171} = {1A6415F6-D0C2-4F89-81B9-67E807122E5C}
		{20C9074A-4B30-4A01-92E6-2F6FB21F6F2D} = {7A00722B-6BD2-46FB-B43F-C1C7B5F7FF22}
	EndGlobalSection
EndGlobal
